
Microsoft Visual Studio Solution File, Format Version 12.00
# Visual Studio 15
VisualStudioVersion = 15.0.26730.12
MinimumVisualStudioVersion = 10.0.40219.1
Project("{9A19103F-16F7-4668-BE54-9A1E7A4F7556}") = "TL2_ItemDatMaker", "TL2_ItemDatMaker\TL2_ItemDatMaker.csproj", "{2322B06E-F2D5-4DB8-9A8F-64A982F9D840}"
EndProject
Project("{9A19103F-16F7-4668-BE54-9A1E7A4F7556}") = "TL2_ItemDatMakerTests", "TL2_ItemDatMakerTests\TL2_ItemDatMakerTests.csproj", "{9DA19535-05C4-4CBD-8D82-EC313F92EC79}"
EndProject
Project("{2150E333-8FDC-42A3-9474-1A3956D46DE8}") = "Solution Items", "Solution Items", "{AD1A851A-E181-4780-BD17-9E6F33D0D643}"
	ProjectSection(SolutionItems) = preProject
		LICENSE.txt = LICENSE.txt
		README.md = README.md
	EndProjectSection
EndProject
Global
	GlobalSection(SolutionConfigurationPlatforms) = preSolution
		Debug|Any CPU = Debug|Any CPU
		Release|Any CPU = Release|Any CPU
	EndGlobalSection
	GlobalSection(ProjectConfigurationPlatforms) = postSolution
		{2322B06E-F2D5-4DB8-9A8F-64A982F9D840}.Debug|Any CPU.ActiveCfg = Debug|Any CPU
		{2322B06E-F2D5-4DB8-9A8F-64A982F9D840}.Debug|Any CPU.Build.0 = Debug|Any CPU
		{2322B06E-F2D5-4DB8-9A8F-64A982F9D840}.Release|Any CPU.ActiveCfg = Release|Any CPU
		{2322B06E-F2D5-4DB8-9A8F-64A982F9D840}.Release|Any CPU.Build.0 = Release|Any CPU
		{9DA19535-05C4-4CBD-8D82-EC313F92EC79}.Debug|Any CPU.ActiveCfg = Debug|Any CPU
		{9DA19535-05C4-4CBD-8D82-EC313F92EC79}.Debug|Any CPU.Build.0 = Debug|Any CPU
		{9DA19535-05C4-4CBD-8D82-EC313F92EC79}.Release|Any CPU.ActiveCfg = Release|Any CPU
		{9DA19535-05C4-4CBD-8D82-EC313F92EC79}.Release|Any CPU.Build.0 = Release|Any CPU
	EndGlobalSection
	GlobalSection(SolutionProperties) = preSolution
		HideSolutionNode = FALSE
	EndGlobalSection
	GlobalSection(ExtensibilityGlobals) = postSolution
		SolutionGuid = {C1351284-1BF1-4954-93D2-D3DCEF268603}
	EndGlobalSection
EndGlobal
